
Microsoft Visual Studio Solution File, Format Version 12.00
# Visual Studio Version 17
VisualStudioVersion = 17.10.35013.160
MinimumVisualStudioVersion = 10.0.40219.1
Project("{9A19103F-16F7-4668-BE54-9A1E7A4F7556}") = "PlayerData", "PlayerData\PlayerData.csproj", "{431D337C-047A-4195-962D-32458FB7FC77}"
EndProject
Project("{9A19103F-16F7-4668-BE54-9A1E7A4F7556}") = "ConsoleUI", "ConsoleUI\ConsoleUI.csproj", "{7B6419BF-1A79-4CCF-82E3-78B9FC28F3F1}"
EndProject
Project("{9A19103F-16F7-4668-BE54-9A1E7A4F7556}") = "HighScoreManagement", "HighScoreManagement\HighScoreManagement.csproj", "{8BCE030A-BC01-4518-BEA2-A4B050DD799B}"
EndProject
Project("{9A19103F-16F7-4668-BE54-9A1E7A4F7556}") = "UnitTests", "UnitTests\UnitTests.csproj", "{4F8506F0-6F6C-4080-B0DF-DB7A5F80EDC3}"
EndProject
Project("{9A19103F-16F7-4668-BE54-9A1E7A4F7556}") = "GameApplication", "GameApplication\GameApplication.csproj", "{813FC11E-636E-4E2F-898D-F564DAD96AE1}"
EndProject
Project("{9A19103F-16F7-4668-BE54-9A1E7A4F7556}") = "GameFlow", "GameFlow\GameFlow.csproj", "{9F6DCB96-AD6E-4322-808B-0B8757219CAD}"
EndProject
Project("{9A19103F-16F7-4668-BE54-9A1E7A4F7556}") = "GameLogic", "GameLogic\GameLogic.csproj", "{736907D1-651C-4078-9B78-8DA1F7E3C6B9}"
EndProject
Project("{9A19103F-16F7-4668-BE54-9A1E7A4F7556}") = "DependencyInjection", "DependencyInjection\DependencyInjection.csproj", "{294ED6F5-0FD4-4338-A230-09E4C46E7E8F}"
EndProject
Project("{9A19103F-16F7-4668-BE54-9A1E7A4F7556}") = "GameFactory", "GameFactory\GameFactory.csproj", "{C1130651-0C21-4626-9B51-8E61FE2C7299}"
EndProject
Project("{9A19103F-16F7-4668-BE54-9A1E7A4F7556}") = "Validation", "Validation\Validation.csproj", "{845C0A76-EFB4-46B2-A7EA-E9F030331250}"
EndProject
Project("{9A19103F-16F7-4668-BE54-9A1E7A4F7556}") = "Mocks", "Mocks\Mocks.csproj", "{B77A12B4-65EE-4A32-95F5-7685AD703439}"
EndProject
Project("{FAE04EC0-301F-11D3-BF4B-00C04F79EFBC}") = "ConstantsLibrary", "ConstantsLibrary\ConstantsLibrary.csproj", "{53A35F00-B3B5-4039-ABF0-AD801D15D7A7}"
EndProject
Global
	GlobalSection(SolutionConfigurationPlatforms) = preSolution
		Debug|Any CPU = Debug|Any CPU
		Release|Any CPU = Release|Any CPU
	EndGlobalSection
	GlobalSection(ProjectConfigurationPlatforms) = postSolution
		{431D337C-047A-4195-962D-32458FB7FC77}.Debug|Any CPU.ActiveCfg = Debug|Any CPU
		{431D337C-047A-4195-962D-32458FB7FC77}.Debug|Any CPU.Build.0 = Debug|Any CPU
		{431D337C-047A-4195-962D-32458FB7FC77}.Release|Any CPU.ActiveCfg = Release|Any CPU
		{431D337C-047A-4195-962D-32458FB7FC77}.Release|Any CPU.Build.0 = Release|Any CPU
		{7B6419BF-1A79-4CCF-82E3-78B9FC28F3F1}.Debug|Any CPU.ActiveCfg = Debug|Any CPU
		{7B6419BF-1A79-4CCF-82E3-78B9FC28F3F1}.Debug|Any CPU.Build.0 = Debug|Any CPU
		{7B6419BF-1A79-4CCF-82E3-78B9FC28F3F1}.Release|Any CPU.ActiveCfg = Release|Any CPU
		{7B6419BF-1A79-4CCF-82E3-78B9FC28F3F1}.Release|Any CPU.Build.0 = Release|Any CPU
		{8BCE030A-BC01-4518-BEA2-A4B050DD799B}.Debug|Any CPU.ActiveCfg = Debug|Any CPU
		{8BCE030A-BC01-4518-BEA2-A4B050DD799B}.Debug|Any CPU.Build.0 = Debug|Any CPU
		{8BCE030A-BC01-4518-BEA2-A4B050DD799B}.Release|Any CPU.ActiveCfg = Release|Any CPU
		{8BCE030A-BC01-4518-BEA2-A4B050DD799B}.Release|Any CPU.Build.0 = Release|Any CPU
		{4F8506F0-6F6C-4080-B0DF-DB7A5F80EDC3}.Debug|Any CPU.ActiveCfg = Debug|Any CPU
		{4F8506F0-6F6C-4080-B0DF-DB7A5F80EDC3}.Debug|Any CPU.Build.0 = Debug|Any CPU
		{4F8506F0-6F6C-4080-B0DF-DB7A5F80EDC3}.Release|Any CPU.ActiveCfg = Release|Any CPU
		{4F8506F0-6F6C-4080-B0DF-DB7A5F80EDC3}.Release|Any CPU.Build.0 = Release|Any CPU
		{813FC11E-636E-4E2F-898D-F564DAD96AE1}.Debug|Any CPU.ActiveCfg = Debug|Any CPU
		{813FC11E-636E-4E2F-898D-F564DAD96AE1}.Debug|Any CPU.Build.0 = Debug|Any CPU
		{813FC11E-636E-4E2F-898D-F564DAD96AE1}.Release|Any CPU.ActiveCfg = Release|Any CPU
		{813FC11E-636E-4E2F-898D-F564DAD96AE1}.Release|Any CPU.Build.0 = Release|Any CPU
		{9F6DCB96-AD6E-4322-808B-0B8757219CAD}.Debug|Any CPU.ActiveCfg = Debug|Any CPU
		{9F6DCB96-AD6E-4322-808B-0B8757219CAD}.Debug|Any CPU.Build.0 = Debug|Any CPU
		{9F6DCB96-AD6E-4322-808B-0B8757219CAD}.Release|Any CPU.ActiveCfg = Release|Any CPU
		{9F6DCB96-AD6E-4322-808B-0B8757219CAD}.Release|Any CPU.Build.0 = Release|Any CPU
		{736907D1-651C-4078-9B78-8DA1F7E3C6B9}.Debug|Any CPU.ActiveCfg = Debug|Any CPU
		{736907D1-651C-4078-9B78-8DA1F7E3C6B9}.Debug|Any CPU.Build.0 = Debug|Any CPU
		{736907D1-651C-4078-9B78-8DA1F7E3C6B9}.Release|Any CPU.ActiveCfg = Release|Any CPU
		{736907D1-651C-4078-9B78-8DA1F7E3C6B9}.Release|Any CPU.Build.0 = Release|Any CPU
		{294ED6F5-0FD4-4338-A230-09E4C46E7E8F}.Debug|Any CPU.ActiveCfg = Debug|Any CPU
		{294ED6F5-0FD4-4338-A230-09E4C46E7E8F}.Debug|Any CPU.Build.0 = Debug|Any CPU
		{294ED6F5-0FD4-4338-A230-09E4C46E7E8F}.Release|Any CPU.ActiveCfg = Release|Any CPU
		{294ED6F5-0FD4-4338-A230-09E4C46E7E8F}.Release|Any CPU.Build.0 = Release|Any CPU
		{C1130651-0C21-4626-9B51-8E61FE2C7299}.Debug|Any CPU.ActiveCfg = Debug|Any CPU
		{C1130651-0C21-4626-9B51-8E61FE2C7299}.Debug|Any CPU.Build.0 = Debug|Any CPU
		{C1130651-0C21-4626-9B51-8E61FE2C7299}.Release|Any CPU.ActiveCfg = Release|Any CPU
		{C1130651-0C21-4626-9B51-8E61FE2C7299}.Release|Any CPU.Build.0 = Release|Any CPU
		{845C0A76-EFB4-46B2-A7EA-E9F030331250}.Debug|Any CPU.ActiveCfg = Debug|Any CPU
		{845C0A76-EFB4-46B2-A7EA-E9F030331250}.Debug|Any CPU.Build.0 = Debug|Any CPU
		{845C0A76-EFB4-46B2-A7EA-E9F030331250}.Release|Any CPU.ActiveCfg = Release|Any CPU
		{845C0A76-EFB4-46B2-A7EA-E9F030331250}.Release|Any CPU.Build.0 = Release|Any CPU
		{B77A12B4-65EE-4A32-95F5-7685AD703439}.Debug|Any CPU.ActiveCfg = Debug|Any CPU
		{B77A12B4-65EE-4A32-95F5-7685AD703439}.Debug|Any CPU.Build.0 = Debug|Any CPU
		{B77A12B4-65EE-4A32-95F5-7685AD703439}.Release|Any CPU.ActiveCfg = Release|Any CPU
		{B77A12B4-65EE-4A32-95F5-7685AD703439}.Release|Any CPU.Build.0 = Release|Any CPU
		{53A35F00-B3B5-4039-ABF0-AD801D15D7A7}.Debug|Any CPU.ActiveCfg = Debug|Any CPU
		{53A35F00-B3B5-4039-ABF0-AD801D15D7A7}.Debug|Any CPU.Build.0 = Debug|Any CPU
		{53A35F00-B3B5-4039-ABF0-AD801D15D7A7}.Release|Any CPU.ActiveCfg = Release|Any CPU
		{53A35F00-B3B5-4039-ABF0-AD801D15D7A7}.Release|Any CPU.Build.0 = Release|Any CPU
	EndGlobalSection
	GlobalSection(SolutionProperties) = preSolution
		HideSolutionNode = FALSE
	EndGlobalSection
	GlobalSection(ExtensibilityGlobals) = postSolution
		SolutionGuid = {EB3DA6CA-5543-4911-87BF-9656444212E6}
	EndGlobalSection
EndGlobal
